
Microsoft Visual Studio Solution File, Format Version 12.00
# Visual Studio Version 16
VisualStudioVersion = 16.0.28803.352
MinimumVisualStudioVersion = 10.0.40219.1
Project("{FAE04EC0-301F-11D3-BF4B-00C04F79EFBC}") = "AutoParamModel", "AutoParamModel\AutoParamModel.csproj", "{32B97DF3-AC64-417E-BB07-94073BB67993}"
EndProject
Global
	GlobalSection(SolutionConfigurationPlatforms) = preSolution
		Debug|Any CPU = Debug|Any CPU
		Release|Any CPU = Release|Any CPU
	EndGlobalSection
	GlobalSection(ProjectConfigurationPlatforms) = postSolution
		{32B97DF3-AC64-417E-BB07-94073BB67993}.Debug|Any CPU.ActiveCfg = Debug|Any CPU
		{32B97DF3-AC64-417E-BB07-94073BB67993}.Debug|Any CPU.Build.0 = Debug|Any CPU
		{32B97DF3-AC64-417E-BB07-94073BB67993}.Release|Any CPU.ActiveCfg = Release|Any CPU
		{32B97DF3-AC64-417E-BB07-94073BB67993}.Release|Any CPU.Build.0 = Release|Any CPU
	EndGlobalSection
	GlobalSection(SolutionProperties) = preSolution
		HideSolutionNode = FALSE
	EndGlobalSection
	GlobalSection(ExtensibilityGlobals) = postSolution
		SolutionGuid = {5CF22DCF-AC46-4A99-89ED-38C1B76127B8}
	EndGlobalSection
EndGlobal
